// !$*UTF8*$!
{
	archiveVersion = 1;
	classes = {
	};
	objectVersion = 48;
	objects = {

/* Begin PBXBuildFile section */
		3F688F5C1FF26E48009E245F /* Game.swift in Sources */ = {isa = PBXBuildFile; fileRef = 3F688F5B1FF26E48009E245F /* Game.swift */; };
		3F688F5E1FF26E87009E245F /* Team.swift in Sources */ = {isa = PBXBuildFile; fileRef = 3F688F5D1FF26E87009E245F /* Team.swift */; };
		3F9B21201FEFB1E600D34021 /* Warrior.swift in Sources */ = {isa = PBXBuildFile; fileRef = 3F9B211F1FEFB1E600D34021 /* Warrior.swift */; };
		3F9B21221FEFB24100D34021 /* Wizard.swift in Sources */ = {isa = PBXBuildFile; fileRef = 3F9B21211FEFB24100D34021 /* Wizard.swift */; };
		3F9B21241FEFB2B700D34021 /* Titan.swift in Sources */ = {isa = PBXBuildFile; fileRef = 3F9B21231FEFB2B700D34021 /* Titan.swift */; };
		3F9B21261FEFB35400D34021 /* Dwarf.swift in Sources */ = {isa = PBXBuildFile; fileRef = 3F9B21251FEFB35400D34021 /* Dwarf.swift */; };
		3FFF86821FE9584B00C5C107 /* main.swift in Sources */ = {isa = PBXBuildFile; fileRef = 3FFF86811FE9584B00C5C107 /* main.swift */; };
		3FFF86891FE95DD600C5C107 /* Character.swift in Sources */ = {isa = PBXBuildFile; fileRef = 3FFF86881FE95DD600C5C107 /* Character.swift */; };
		3FFF868D1FE9664700C5C107 /* Weapon.swift in Sources */ = {isa = PBXBuildFile; fileRef = 3FFF868C1FE9664700C5C107 /* Weapon.swift */; };
		3FFF868F1FE968DB00C5C107 /* Sword.swift in Sources */ = {isa = PBXBuildFile; fileRef = 3FFF868E1FE968DB00C5C107 /* Sword.swift */; };
		3FFF86911FE969DC00C5C107 /* Wand.swift in Sources */ = {isa = PBXBuildFile; fileRef = 3FFF86901FE969DC00C5C107 /* Wand.swift */; };
		3FFF86931FEBFBCD00C5C107 /* Hammer.swift in Sources */ = {isa = PBXBuildFile; fileRef = 3FFF86921FEBFBCD00C5C107 /* Hammer.swift */; };
		3FFF86951FEBFC4C00C5C107 /* Axe.swift in Sources */ = {isa = PBXBuildFile; fileRef = 3FFF86941FEBFC4C00C5C107 /* Axe.swift */; };
/* End PBXBuildFile section */

/* Begin PBXCopyFilesBuildPhase section */
		3FFF867C1FE9584B00C5C107 /* CopyFiles */ = {
			isa = PBXCopyFilesBuildPhase;
			buildActionMask = 2147483647;
			dstPath = /usr/share/man/man1/;
			dstSubfolderSpec = 0;
			files = (
			);
			runOnlyForDeploymentPostprocessing = 1;
		};
/* End PBXCopyFilesBuildPhase section */

/* Begin PBXFileReference section */
		3F688F5B1FF26E48009E245F /* Game.swift */ = {isa = PBXFileReference; lastKnownFileType = sourcecode.swift; path = Game.swift; sourceTree = "<group>"; };
		3F688F5D1FF26E87009E245F /* Team.swift */ = {isa = PBXFileReference; lastKnownFileType = sourcecode.swift; path = Team.swift; sourceTree = "<group>"; };
		3F9B211F1FEFB1E600D34021 /* Warrior.swift */ = {isa = PBXFileReference; lastKnownFileType = sourcecode.swift; path = Warrior.swift; sourceTree = "<group>"; };
		3F9B21211FEFB24100D34021 /* Wizard.swift */ = {isa = PBXFileReference; lastKnownFileType = sourcecode.swift; path = Wizard.swift; sourceTree = "<group>"; };
		3F9B21231FEFB2B700D34021 /* Titan.swift */ = {isa = PBXFileReference; lastKnownFileType = sourcecode.swift; path = Titan.swift; sourceTree = "<group>"; };
		3F9B21251FEFB35400D34021 /* Dwarf.swift */ = {isa = PBXFileReference; lastKnownFileType = sourcecode.swift; path = Dwarf.swift; sourceTree = "<group>"; };
		3FFF867E1FE9584B00C5C107 /* P3_DA iOS */ = {isa = PBXFileReference; explicitFileType = "compiled.mach-o.executable"; includeInIndex = 0; path = "P3_DA iOS"; sourceTree = BUILT_PRODUCTS_DIR; };
		3FFF86811FE9584B00C5C107 /* main.swift */ = {isa = PBXFileReference; lastKnownFileType = sourcecode.swift; path = main.swift; sourceTree = "<group>"; };
		3FFF86881FE95DD600C5C107 /* Character.swift */ = {isa = PBXFileReference; lastKnownFileType = sourcecode.swift; path = Character.swift; sourceTree = "<group>"; };
		3FFF868C1FE9664700C5C107 /* Weapon.swift */ = {isa = PBXFileReference; lastKnownFileType = sourcecode.swift; path = Weapon.swift; sourceTree = "<group>"; };
		3FFF868E1FE968DB00C5C107 /* Sword.swift */ = {isa = PBXFileReference; lastKnownFileType = sourcecode.swift; path = Sword.swift; sourceTree = "<group>"; };
		3FFF86901FE969DC00C5C107 /* Wand.swift */ = {isa = PBXFileReference; lastKnownFileType = sourcecode.swift; path = Wand.swift; sourceTree = "<group>"; };
		3FFF86921FEBFBCD00C5C107 /* Hammer.swift */ = {isa = PBXFileReference; lastKnownFileType = sourcecode.swift; path = Hammer.swift; sourceTree = "<group>"; };
		3FFF86941FEBFC4C00C5C107 /* Axe.swift */ = {isa = PBXFileReference; lastKnownFileType = sourcecode.swift; path = Axe.swift; sourceTree = "<group>"; };
/* End PBXFileReference section */

/* Begin PBXFrameworksBuildPhase section */
		3FFF867B1FE9584B00C5C107 /* Frameworks */ = {
			isa = PBXFrameworksBuildPhase;
			buildActionMask = 2147483647;
			files = (
			);
			runOnlyForDeploymentPostprocessing = 0;
		};
/* End PBXFrameworksBuildPhase section */

/* Begin PBXGroup section */
		3F9B21271FEFB3DD00D34021 /* Characters */ = {
			isa = PBXGroup;
			children = (
				3FFF86881FE95DD600C5C107 /* Character.swift */,
				3F9B211F1FEFB1E600D34021 /* Warrior.swift */,
				3F9B21211FEFB24100D34021 /* Wizard.swift */,
				3F9B21231FEFB2B700D34021 /* Titan.swift */,
				3F9B21251FEFB35400D34021 /* Dwarf.swift */,
			);
			path = Characters;
			sourceTree = "<group>";
		};
		3FFF86751FE9584B00C5C107 = {
			isa = PBXGroup;
			children = (
				3FFF86801FE9584B00C5C107 /* P3_DA iOS */,
				3FFF867F1FE9584B00C5C107 /* Products */,
			);
			sourceTree = "<group>";
		};
		3FFF867F1FE9584B00C5C107 /* Products */ = {
			isa = PBXGroup;
			children = (
				3FFF867E1FE9584B00C5C107 /* P3_DA iOS */,
			);
			name = Products;
			sourceTree = "<group>";
		};
		3FFF86801FE9584B00C5C107 /* P3_DA iOS */ = {
			isa = PBXGroup;
			children = (
				3FFF86811FE9584B00C5C107 /* main.swift */,
				3F688F5B1FF26E48009E245F /* Game.swift */,
				3F688F5D1FF26E87009E245F /* Team.swift */,
				3F9B21271FEFB3DD00D34021 /* Characters */,
				3FFF86961FEBFC7C00C5C107 /* Weapons */,
			);
			path = "P3_DA iOS";
			sourceTree = "<group>";
		};
		3FFF86961FEBFC7C00C5C107 /* Weapons */ = {
			isa = PBXGroup;
			children = (
				3FFF868C1FE9664700C5C107 /* Weapon.swift */,
				3FFF868E1FE968DB00C5C107 /* Sword.swift */,
				3FFF86901FE969DC00C5C107 /* Wand.swift */,
				3FFF86921FEBFBCD00C5C107 /* Hammer.swift */,
				3FFF86941FEBFC4C00C5C107 /* Axe.swift */,
			);
			path = Weapons;
			sourceTree = "<group>";
		};
/* End PBXGroup section */

/* Begin PBXNativeTarget section */
		3FFF867D1FE9584B00C5C107 /* P3_DA iOS */ = {
			isa = PBXNativeTarget;
			buildConfigurationList = 3FFF86851FE9584B00C5C107 /* Build configuration list for PBXNativeTarget "P3_DA iOS" */;
			buildPhases = (
				3FFF867A1FE9584B00C5C107 /* Sources */,
				3FFF867B1FE9584B00C5C107 /* Frameworks */,
				3FFF867C1FE9584B00C5C107 /* CopyFiles */,
			);
			buildRules = (
			);
			dependencies = (
			);
			name = "P3_DA iOS";
			productName = "P3_DA iOS";
			productReference = 3FFF867E1FE9584B00C5C107 /* P3_DA iOS */;
			productType = "com.apple.product-type.tool";
		};
/* End PBXNativeTarget section */

/* Begin PBXProject section */
		3FFF86761FE9584B00C5C107 /* Project object */ = {
			isa = PBXProject;
			attributes = {
				LastSwiftUpdateCheck = 0920;
				LastUpgradeCheck = 0920;
				ORGANIZATIONNAME = "William Désécot";
				TargetAttributes = {
					3FFF867D1FE9584B00C5C107 = {
						CreatedOnToolsVersion = 9.2;
						ProvisioningStyle = Automatic;
					};
				};
			};
			buildConfigurationList = 3FFF86791FE9584B00C5C107 /* Build configuration list for PBXProject "P3_DA iOS" */;
			compatibilityVersion = "Xcode 8.0";
			developmentRegion = en;
			hasScannedForEncodings = 0;
			knownRegions = (
				en,
			);
			mainGroup = 3FFF86751FE9584B00C5C107;
			productRefGroup = 3FFF867F1FE9584B00C5C107 /* Products */;
			projectDirPath = "";
			projectRoot = "";
			targets = (
				3FFF867D1FE9584B00C5C107 /* P3_DA iOS */,
			);
		};
/* End PBXProject section */

/* Begin PBXSourcesBuildPhase section */
		3FFF867A1FE9584B00C5C107 /* Sources */ = {
			isa = PBXSourcesBuildPhase;
			buildActionMask = 2147483647;
			files = (
				3FFF868F1FE968DB00C5C107 /* Sword.swift in Sources */,
				3FFF86911FE969DC00C5C107 /* Wand.swift in Sources */,
				3F9B21261FEFB35400D34021 /* Dwarf.swift in Sources */,
				3F688F5C1FF26E48009E245F /* Game.swift in Sources */,
				3F688F5E1FF26E87009E245F /* Team.swift in Sources */,
				3FFF86951FEBFC4C00C5C107 /* Axe.swift in Sources */,
				3FFF86821FE9584B00C5C107 /* main.swift in Sources */,
				3FFF868D1FE9664700C5C107 /* Weapon.swift in Sources */,
				3F9B21241FEFB2B700D34021 /* Titan.swift in Sources */,
				3FFF86931FEBFBCD00C5C107 /* Hammer.swift in Sources */,
				3F9B21201FEFB1E600D34021 /* Warrior.swift in Sources */,
				3FFF86891FE95DD600C5C107 /* Character.swift in Sources */,
				3F9B21221FEFB24100D34021 /* Wizard.swift in Sources */,
			);
			runOnlyForDeploymentPostprocessing = 0;
		};
/* End PBXSourcesBuildPhase section */

/* Begin XCBuildConfiguration section */
		3FFF86831FE9584B00C5C107 /* Debug */ = {
			isa = XCBuildConfiguration;
			buildSettings = {
				ALWAYS_SEARCH_USER_PATHS = NO;
				CLANG_ANALYZER_NONNULL = YES;
				CLANG_ANALYZER_NUMBER_OBJECT_CONVERSION = YES_AGGRESSIVE;
				CLANG_CXX_LANGUAGE_STANDARD = "gnu++14";
				CLANG_CXX_LIBRARY = "libc++";
				CLANG_ENABLE_MODULES = YES;
				CLANG_ENABLE_OBJC_ARC = YES;
				CLANG_WARN_BLOCK_CAPTURE_AUTORELEASING = YES;
				CLANG_WARN_BOOL_CONVERSION = YES;
				CLANG_WARN_COMMA = YES;
				CLANG_WARN_CONSTANT_CONVERSION = YES;
				CLANG_WARN_DIRECT_OBJC_ISA_USAGE = YES_ERROR;
				CLANG_WARN_DOCUMENTATION_COMMENTS = YES;
				CLANG_WARN_EMPTY_BODY = YES;
				CLANG_WARN_ENUM_CONVERSION = YES;
				CLANG_WARN_INFINITE_RECURSION = YES;
				CLANG_WARN_INT_CONVERSION = YES;
				CLANG_WARN_NON_LITERAL_NULL_CONVERSION = YES;
				CLANG_WARN_OBJC_LITERAL_CONVERSION = YES;
				CLANG_WARN_OBJC_ROOT_CLASS = YES_ERROR;
				CLANG_WARN_RANGE_LOOP_ANALYSIS = YES;
				CLANG_WARN_STRICT_PROTOTYPES = YES;
				CLANG_WARN_SUSPICIOUS_MOVE = YES;
				CLANG_WARN_UNGUARDED_AVAILABILITY = YES_AGGRESSIVE;
				CLANG_WARN_UNREACHABLE_CODE = YES;
				CLANG_WARN__DUPLICATE_METHOD_MATCH = YES;
				CODE_SIGN_IDENTITY = "Mac Developer";
				COPY_PHASE_STRIP = NO;
				DEBUG_INFORMATION_FORMAT = dwarf;
				ENABLE_STRICT_OBJC_MSGSEND = YES;
				ENABLE_TESTABILITY = YES;
				GCC_C_LANGUAGE_STANDARD = gnu11;
				GCC_DYNAMIC_NO_PIC = NO;
				GCC_NO_COMMON_BLOCKS = YES;
				GCC_OPTIMIZATION_LEVEL = 0;
				GCC_PREPROCESSOR_DEFINITIONS = (
					"DEBUG=1",
					"$(inherited)",
				);
				GCC_WARN_64_TO_32_BIT_CONVERSION = YES;
				GCC_WARN_ABOUT_RETURN_TYPE = YES_ERROR;
				GCC_WARN_UNDECLARED_SELECTOR = YES;
				GCC_WARN_UNINITIALIZED_AUTOS = YES_AGGRESSIVE;
				GCC_WARN_UNUSED_FUNCTION = YES;
				GCC_WARN_UNUSED_VARIABLE = YES;
				MACOSX_DEPLOYMENT_TARGET = 10.13;
				MTL_ENABLE_DEBUG_INFO = YES;
				ONLY_ACTIVE_ARCH = YES;
				SDKROOT = macosx;
				SWIFT_ACTIVE_COMPILATION_CONDITIONS = DEBUG;
				SWIFT_OPTIMIZATION_LEVEL = "-Onone";
			};
			name = Debug;
		};
		3FFF86841FE9584B00C5C107 /* Release */ = {
			isa = XCBuildConfiguration;
			buildSettings = {
				ALWAYS_SEARCH_USER_PATHS = NO;
				CLANG_ANALYZER_NONNULL = YES;
				CLANG_ANALYZER_NUMBER_OBJECT_CONVERSION = YES_AGGRESSIVE;
				CLANG_CXX_LANGUAGE_STANDARD = "gnu++14";
				CLANG_CXX_LIBRARY = "libc++";
				CLANG_ENABLE_MODULES = YES;
				CLANG_ENABLE_OBJC_ARC = YES;
				CLANG_WARN_BLOCK_CAPTURE_AUTORELEASING = YES;
				CLANG_WARN_BOOL_CONVERSION = YES;
				CLANG_WARN_COMMA = YES;
				CLANG_WARN_CONSTANT_CONVERSION = YES;
				CLANG_WARN_DIRECT_OBJC_ISA_USAGE = YES_ERROR;
				CLANG_WARN_DOCUMENTATION_COMMENTS = YES;
				CLANG_WARN_EMPTY_BODY = YES;
				CLANG_WARN_ENUM_CONVERSION = YES;
				CLANG_WARN_INFINITE_RECURSION = YES;
				CLANG_WARN_INT_CONVERSION = YES;
				CLANG_WARN_NON_LITERAL_NULL_CONVERSION = YES;
				CLANG_WARN_OBJC_LITERAL_CONVERSION = YES;
				CLANG_WARN_OBJC_ROOT_CLASS = YES_ERROR;
				CLANG_WARN_RANGE_LOOP_ANALYSIS = YES;
				CLANG_WARN_STRICT_PROTOTYPES = YES;
				CLANG_WARN_SUSPICIOUS_MOVE = YES;
				CLANG_WARN_UNGUARDED_AVAILABILITY = YES_AGGRESSIVE;
				CLANG_WARN_UNREACHABLE_CODE = YES;
				CLANG_WARN__DUPLICATE_METHOD_MATCH = YES;
				CODE_SIGN_IDENTITY = "Mac Developer";
				COPY_PHASE_STRIP = NO;
				DEBUG_INFORMATION_FORMAT = "dwarf-with-dsym";
				ENABLE_NS_ASSERTIONS = NO;
				ENABLE_STRICT_OBJC_MSGSEND = YES;
				GCC_C_LANGUAGE_STANDARD = gnu11;
				GCC_NO_COMMON_BLOCKS = YES;
				GCC_WARN_64_TO_32_BIT_CONVERSION = YES;
				GCC_WARN_ABOUT_RETURN_TYPE = YES_ERROR;
				GCC_WARN_UNDECLARED_SELECTOR = YES;
				GCC_WARN_UNINITIALIZED_AUTOS = YES_AGGRESSIVE;
				GCC_WARN_UNUSED_FUNCTION = YES;
				GCC_WARN_UNUSED_VARIABLE = YES;
				MACOSX_DEPLOYMENT_TARGET = 10.13;
				MTL_ENABLE_DEBUG_INFO = NO;
				SDKROOT = macosx;
				SWIFT_OPTIMIZATION_LEVEL = "-Owholemodule";
			};
			name = Release;
		};
		3FFF86861FE9584B00C5C107 /* Debug */ = {
			isa = XCBuildConfiguration;
			buildSettings = {
				CODE_SIGN_STYLE = Automatic;
				DEVELOPMENT_TEAM = LGXH6EX8FJ;
				PRODUCT_NAME = "$(TARGET_NAME)";
				SWIFT_VERSION = 4.0;
			};
			name = Debug;
		};
		3FFF86871FE9584B00C5C107 /* Release */ = {
			isa = XCBuildConfiguration;
			buildSettings = {
				CODE_SIGN_STYLE = Automatic;
				DEVELOPMENT_TEAM = LGXH6EX8FJ;
				PRODUCT_NAME = "$(TARGET_NAME)";
				SWIFT_VERSION = 4.0;
			};
			name = Release;
		};
/* End XCBuildConfiguration section */

/* Begin XCConfigurationList section */
		3FFF86791FE9584B00C5C107 /* Build configuration list for PBXProject "P3_DA iOS" */ = {
			isa = XCConfigurationList;
			buildConfigurations = (
				3FFF86831FE9584B00C5C107 /* Debug */,
				3FFF86841FE9584B00C5C107 /* Release */,
			);
			defaultConfigurationIsVisible = 0;
			defaultConfigurationName = Release;
		};
		3FFF86851FE9584B00C5C107 /* Build configuration list for PBXNativeTarget "P3_DA iOS" */ = {
			isa = XCConfigurationList;
			buildConfigurations = (
				3FFF86861FE9584B00C5C107 /* Debug */,
				3FFF86871FE9584B00C5C107 /* Release */,
			);
			defaultConfigurationIsVisible = 0;
			defaultConfigurationName = Release;
		};
/* End XCConfigurationList section */
	};
	rootObject = 3FFF86761FE9584B00C5C107 /* Project object */;
}
